
Microsoft Visual Studio Solution File, Format Version 12.00
# Visual Studio 15
VisualStudioVersion = 15.0.26124.0
MinimumVisualStudioVersion = 15.0.26124.0
Project("{2150E333-8FDC-42A3-9474-1A3956D46DE8}") = "src", "src", "{7DB9086B-5888-4B42-A0EC-6074768CBC41}"
EndProject
Project("{FAE04EC0-301F-11D3-BF4B-00C04F79EFBC}") = "Alioth.Framework", "src\Alioth.Framework\Alioth.Framework.csproj", "{48293730-0815-4439-B8D5-BE32D18145CC}"
EndProject
Project("{FAE04EC0-301F-11D3-BF4B-00C04F79EFBC}") = "Alioth.Framework.Config", "src\Alioth.Framework.Config\Alioth.Framework.Config.csproj", "{F30B4827-5C4D-4FA9-88A8-C4927ECAF127}"
EndProject
Project("{2150E333-8FDC-42A3-9474-1A3956D46DE8}") = "test", "test", "{827BF792-92A1-422F-B52C-B95FFD03F3ED}"
EndProject
Project("{FAE04EC0-301F-11D3-BF4B-00C04F79EFBC}") = "Alioth.Framework.Tests", "test\Alioth.Framework.Tests\Alioth.Framework.Tests.csproj", "{6C84C579-8A4E-4AD0-9413-BE3502D2621F}"
EndProject
Global
	GlobalSection(SolutionConfigurationPlatforms) = preSolution
		Debug|Any CPU = Debug|Any CPU
		Debug|x64 = Debug|x64
		Debug|x86 = Debug|x86
		Release|Any CPU = Release|Any CPU
		Release|x64 = Release|x64
		Release|x86 = Release|x86
	EndGlobalSection
	GlobalSection(SolutionProperties) = preSolution
		HideSolutionNode = FALSE
	EndGlobalSection
	GlobalSection(ProjectConfigurationPlatforms) = postSolution
		{48293730-0815-4439-B8D5-BE32D18145CC}.Debug|Any CPU.ActiveCfg = Debug|Any CPU
		{48293730-0815-4439-B8D5-BE32D18145CC}.Debug|Any CPU.Build.0 = Debug|Any CPU
		{48293730-0815-4439-B8D5-BE32D18145CC}.Debug|x64.ActiveCfg = Debug|Any CPU
		{48293730-0815-4439-B8D5-BE32D18145CC}.Debug|x64.Build.0 = Debug|Any CPU
		{48293730-0815-4439-B8D5-BE32D18145CC}.Debug|x86.ActiveCfg = Debug|Any CPU
		{48293730-0815-4439-B8D5-BE32D18145CC}.Debug|x86.Build.0 = Debug|Any CPU
		{48293730-0815-4439-B8D5-BE32D18145CC}.Release|Any CPU.ActiveCfg = Release|Any CPU
		{48293730-0815-4439-B8D5-BE32D18145CC}.Release|Any CPU.Build.0 = Release|Any CPU
		{48293730-0815-4439-B8D5-BE32D18145CC}.Release|x64.ActiveCfg = Release|Any CPU
		{48293730-0815-4439-B8D5-BE32D18145CC}.Release|x64.Build.0 = Release|Any CPU
		{48293730-0815-4439-B8D5-BE32D18145CC}.Release|x86.ActiveCfg = Release|Any CPU
		{48293730-0815-4439-B8D5-BE32D18145CC}.Release|x86.Build.0 = Release|Any CPU
		{F30B4827-5C4D-4FA9-88A8-C4927ECAF127}.Debug|Any CPU.ActiveCfg = Debug|Any CPU
		{F30B4827-5C4D-4FA9-88A8-C4927ECAF127}.Debug|Any CPU.Build.0 = Debug|Any CPU
		{F30B4827-5C4D-4FA9-88A8-C4927ECAF127}.Debug|x64.ActiveCfg = Debug|Any CPU
		{F30B4827-5C4D-4FA9-88A8-C4927ECAF127}.Debug|x64.Build.0 = Debug|Any CPU
		{F30B4827-5C4D-4FA9-88A8-C4927ECAF127}.Debug|x86.ActiveCfg = Debug|Any CPU
		{F30B4827-5C4D-4FA9-88A8-C4927ECAF127}.Debug|x86.Build.0 = Debug|Any CPU
		{F30B4827-5C4D-4FA9-88A8-C4927ECAF127}.Release|Any CPU.ActiveCfg = Release|Any CPU
		{F30B4827-5C4D-4FA9-88A8-C4927ECAF127}.Release|Any CPU.Build.0 = Release|Any CPU
		{F30B4827-5C4D-4FA9-88A8-C4927ECAF127}.Release|x64.ActiveCfg = Release|Any CPU
		{F30B4827-5C4D-4FA9-88A8-C4927ECAF127}.Release|x64.Build.0 = Release|Any CPU
		{F30B4827-5C4D-4FA9-88A8-C4927ECAF127}.Release|x86.ActiveCfg = Release|Any CPU
		{F30B4827-5C4D-4FA9-88A8-C4927ECAF127}.Release|x86.Build.0 = Release|Any CPU
		{6C84C579-8A4E-4AD0-9413-BE3502D2621F}.Debug|Any CPU.ActiveCfg = Debug|Any CPU
		{6C84C579-8A4E-4AD0-9413-BE3502D2621F}.Debug|Any CPU.Build.0 = Debug|Any CPU
		{6C84C579-8A4E-4AD0-9413-BE3502D2621F}.Debug|x64.ActiveCfg = Debug|Any CPU
		{6C84C579-8A4E-4AD0-9413-BE3502D2621F}.Debug|x64.Build.0 = Debug|Any CPU
		{6C84C579-8A4E-4AD0-9413-BE3502D2621F}.Debug|x86.ActiveCfg = Debug|Any CPU
		{6C84C579-8A4E-4AD0-9413-BE3502D2621F}.Debug|x86.Build.0 = Debug|Any CPU
		{6C84C579-8A4E-4AD0-9413-BE3502D2621F}.Release|Any CPU.ActiveCfg = Release|Any CPU
		{6C84C579-8A4E-4AD0-9413-BE3502D2621F}.Release|Any CPU.Build.0 = Release|Any CPU
		{6C84C579-8A4E-4AD0-9413-BE3502D2621F}.Release|x64.ActiveCfg = Release|Any CPU
		{6C84C579-8A4E-4AD0-9413-BE3502D2621F}.Release|x64.Build.0 = Release|Any CPU
		{6C84C579-8A4E-4AD0-9413-BE3502D2621F}.Release|x86.ActiveCfg = Release|Any CPU
		{6C84C579-8A4E-4AD0-9413-BE3502D2621F}.Release|x86.Build.0 = Release|Any CPU
	EndGlobalSection
	GlobalSection(NestedProjects) = preSolution
		{48293730-0815-4439-B8D5-BE32D18145CC} = {7DB9086B-5888-4B42-A0EC-6074768CBC41}
		{F30B4827-5C4D-4FA9-88A8-C4927ECAF127} = {7DB9086B-5888-4B42-A0EC-6074768CBC41}
		{6C84C579-8A4E-4AD0-9413-BE3502D2621F} = {827BF792-92A1-422F-B52C-B95FFD03F3ED}
	EndGlobalSection
EndGlobal
